
Microsoft Visual Studio Solution File, Format Version 12.00
# Visual Studio 15
VisualStudioVersion = 15.0.26124.0
MinimumVisualStudioVersion = 15.0.26124.0
Project("{FAE04EC0-301F-11D3-BF4B-00C04F79EFBC}") = "API", "API\API.csproj", "{10FC5A30-9AD8-4950-9792-2E5D596613BA}"
EndProject
Project("{FAE04EC0-301F-11D3-BF4B-00C04F79EFBC}") = "Core", "Core\Core.csproj", "{06114A6D-B46D-4145-9B8D-36787C90272A}"
EndProject
Project("{FAE04EC0-301F-11D3-BF4B-00C04F79EFBC}") = "Infrastructure", "Infrastructure\Infrastructure.csproj", "{A463B36B-D11D-42A0-BBF9-3D5AE80976BB}"
EndProject
Global
	GlobalSection(SolutionConfigurationPlatforms) = preSolution
		Debug|Any CPU = Debug|Any CPU
		Debug|x64 = Debug|x64
		Debug|x86 = Debug|x86
		Release|Any CPU = Release|Any CPU
		Release|x64 = Release|x64
		Release|x86 = Release|x86
	EndGlobalSection
	GlobalSection(SolutionProperties) = preSolution
		HideSolutionNode = FALSE
	EndGlobalSection
	GlobalSection(ProjectConfigurationPlatforms) = postSolution
		{10FC5A30-9AD8-4950-9792-2E5D596613BA}.Debug|Any CPU.ActiveCfg = Debug|Any CPU
		{10FC5A30-9AD8-4950-9792-2E5D596613BA}.Debug|Any CPU.Build.0 = Debug|Any CPU
		{10FC5A30-9AD8-4950-9792-2E5D596613BA}.Debug|x64.ActiveCfg = Debug|Any CPU
		{10FC5A30-9AD8-4950-9792-2E5D596613BA}.Debug|x64.Build.0 = Debug|Any CPU
		{10FC5A30-9AD8-4950-9792-2E5D596613BA}.Debug|x86.ActiveCfg = Debug|Any CPU
		{10FC5A30-9AD8-4950-9792-2E5D596613BA}.Debug|x86.Build.0 = Debug|Any CPU
		{10FC5A30-9AD8-4950-9792-2E5D596613BA}.Release|Any CPU.ActiveCfg = Release|Any CPU
		{10FC5A30-9AD8-4950-9792-2E5D596613BA}.Release|Any CPU.Build.0 = Release|Any CPU
		{10FC5A30-9AD8-4950-9792-2E5D596613BA}.Release|x64.ActiveCfg = Release|Any CPU
		{10FC5A30-9AD8-4950-9792-2E5D596613BA}.Release|x64.Build.0 = Release|Any CPU
		{10FC5A30-9AD8-4950-9792-2E5D596613BA}.Release|x86.ActiveCfg = Release|Any CPU
		{10FC5A30-9AD8-4950-9792-2E5D596613BA}.Release|x86.Build.0 = Release|Any CPU
		{06114A6D-B46D-4145-9B8D-36787C90272A}.Debug|Any CPU.ActiveCfg = Debug|Any CPU
		{06114A6D-B46D-4145-9B8D-36787C90272A}.Debug|Any CPU.Build.0 = Debug|Any CPU
		{06114A6D-B46D-4145-9B8D-36787C90272A}.Debug|x64.ActiveCfg = Debug|Any CPU
		{06114A6D-B46D-4145-9B8D-36787C90272A}.Debug|x64.Build.0 = Debug|Any CPU
		{06114A6D-B46D-4145-9B8D-36787C90272A}.Debug|x86.ActiveCfg = Debug|Any CPU
		{06114A6D-B46D-4145-9B8D-36787C90272A}.Debug|x86.Build.0 = Debug|Any CPU
		{06114A6D-B46D-4145-9B8D-36787C90272A}.Release|Any CPU.ActiveCfg = Release|Any CPU
		{06114A6D-B46D-4145-9B8D-36787C90272A}.Release|Any CPU.Build.0 = Release|Any CPU
		{06114A6D-B46D-4145-9B8D-36787C90272A}.Release|x64.ActiveCfg = Release|Any CPU
		{06114A6D-B46D-4145-9B8D-36787C90272A}.Release|x64.Build.0 = Release|Any CPU
		{06114A6D-B46D-4145-9B8D-36787C90272A}.Release|x86.ActiveCfg = Release|Any CPU
		{06114A6D-B46D-4145-9B8D-36787C90272A}.Release|x86.Build.0 = Release|Any CPU
		{A463B36B-D11D-42A0-BBF9-3D5AE80976BB}.Debug|Any CPU.ActiveCfg = Debug|Any CPU
		{A463B36B-D11D-42A0-BBF9-3D5AE80976BB}.Debug|Any CPU.Build.0 = Debug|Any CPU
		{A463B36B-D11D-42A0-BBF9-3D5AE80976BB}.Debug|x64.ActiveCfg = Debug|Any CPU
		{A463B36B-D11D-42A0-BBF9-3D5AE80976BB}.Debug|x64.Build.0 = Debug|Any CPU
		{A463B36B-D11D-42A0-BBF9-3D5AE80976BB}.Debug|x86.ActiveCfg = Debug|Any CPU
		{A463B36B-D11D-42A0-BBF9-3D5AE80976BB}.Debug|x86.Build.0 = Debug|Any CPU
		{A463B36B-D11D-42A0-BBF9-3D5AE80976BB}.Release|Any CPU.ActiveCfg = Release|Any CPU
		{A463B36B-D11D-42A0-BBF9-3D5AE80976BB}.Release|Any CPU.Build.0 = Release|Any CPU
		{A463B36B-D11D-42A0-BBF9-3D5AE80976BB}.Release|x64.ActiveCfg = Release|Any CPU
		{A463B36B-D11D-42A0-BBF9-3D5AE80976BB}.Release|x64.Build.0 = Release|Any CPU
		{A463B36B-D11D-42A0-BBF9-3D5AE80976BB}.Release|x86.ActiveCfg = Release|Any CPU
		{A463B36B-D11D-42A0-BBF9-3D5AE80976BB}.Release|x86.Build.0 = Release|Any CPU
	EndGlobalSection
EndGlobal
